
Microsoft Visual Studio Solution File, Format Version 12.00
# Visual Studio Version 16
VisualStudioVersion = 16.0.28407.52
MinimumVisualStudioVersion = 10.0.40219.1
Project("{9A19103F-16F7-4668-BE54-9A1E7A4F7556}") = "BlitSerialize", "src\BlitSerialize\BlitSerialize.csproj", "{74268212-6457-4DD6-B145-4C70EC7993FF}"
EndProject
Project("{FAE04EC0-301F-11D3-BF4B-00C04F79EFBC}") = "Test", "src\Test\Test.csproj", "{03B96123-D061-4C35-AE84-6651B73A8587}"
EndProject
Global
	GlobalSection(SolutionConfigurationPlatforms) = preSolution
		Debug|Any CPU = Debug|Any CPU
		Release|Any CPU = Release|Any CPU
	EndGlobalSection
	GlobalSection(ProjectConfigurationPlatforms) = postSolution
		{74268212-6457-4DD6-B145-4C70EC7993FF}.Debug|Any CPU.ActiveCfg = Debug|Any CPU
		{74268212-6457-4DD6-B145-4C70EC7993FF}.Debug|Any CPU.Build.0 = Debug|Any CPU
		{74268212-6457-4DD6-B145-4C70EC7993FF}.Release|Any CPU.ActiveCfg = Release|Any CPU
		{74268212-6457-4DD6-B145-4C70EC7993FF}.Release|Any CPU.Build.0 = Release|Any CPU
		{03B96123-D061-4C35-AE84-6651B73A8587}.Debug|Any CPU.ActiveCfg = Debug|Any CPU
		{03B96123-D061-4C35-AE84-6651B73A8587}.Debug|Any CPU.Build.0 = Debug|Any CPU
		{03B96123-D061-4C35-AE84-6651B73A8587}.Release|Any CPU.ActiveCfg = Release|Any CPU
		{03B96123-D061-4C35-AE84-6651B73A8587}.Release|Any CPU.Build.0 = Release|Any CPU
	EndGlobalSection
	GlobalSection(SolutionProperties) = preSolution
		HideSolutionNode = FALSE
	EndGlobalSection
	GlobalSection(ExtensibilityGlobals) = postSolution
		SolutionGuid = {D96F2213-2A81-4D24-9FA3-76CA46F80EC1}
	EndGlobalSection
EndGlobal
